// !$*UTF8*$!
{
	archiveVersion = 1;
	classes = {
	};
	objectVersion = 46;
	objects = {

/* Begin PBXBuildFile section */
		010DFF9B18CF51190046A975 /* MainViewController.m in Sources */ = {isa = PBXBuildFile; fileRef = 010DFF9A18CF51190046A975 /* MainViewController.m */; };
		010DFF9D18CF552D0046A975 /* z01.jpg in Resources */ = {isa = PBXBuildFile; fileRef = 010DFF9C18CF552D0046A975 /* z01.jpg */; };
		010DFFA018CF5CDC0046A975 /* MainTableViewCell.m in Sources */ = {isa = PBXBuildFile; fileRef = 010DFF9F18CF5CDC0046A975 /* MainTableViewCell.m */; };
		017BEFEE18D741C8007ECEB4 /* FilterViewController.m in Sources */ = {isa = PBXBuildFile; fileRef = 017BEFED18D741C8007ECEB4 /* FilterViewController.m */; };
		019F332718D487AD0011119A /* z02.jpg in Resources */ = {isa = PBXBuildFile; fileRef = 019F332518D487AD0011119A /* z02.jpg */; };
		019F332818D487AD0011119A /* z03.jpg in Resources */ = {isa = PBXBuildFile; fileRef = 019F332618D487AD0011119A /* z03.jpg */; };
		019F332B18D48B410011119A /* z04.jpg in Resources */ = {isa = PBXBuildFile; fileRef = 019F332918D48B410011119A /* z04.jpg */; };
		019F332C18D48B410011119A /* z05.jpg in Resources */ = {isa = PBXBuildFile; fileRef = 019F332A18D48B410011119A /* z05.jpg */; };
		01C7192718D0C4DD001C6B0A /* FavoriteViewController.m in Sources */ = {isa = PBXBuildFile; fileRef = 01C7192618D0C4DD001C6B0A /* FavoriteViewController.m */; };
		01C7192A18D0C67A001C6B0A /* FavoriteCollectionViewCell.m in Sources */ = {isa = PBXBuildFile; fileRef = 01C7192918D0C67A001C6B0A /* FavoriteCollectionViewCell.m */; };
		01C7193018D0CD4D001C6B0A /* MoreTableViewController.m in Sources */ = {isa = PBXBuildFile; fileRef = 01C7192F18D0CD4D001C6B0A /* MoreTableViewController.m */; };
		01EDC6F018D41C7800A03C4A /* ContentViewController.m in Sources */ = {isa = PBXBuildFile; fileRef = 01EDC6EF18D41C7800A03C4A /* ContentViewController.m */; };
		01F0A17418C9798A000691A1 /* Foundation.framework in Frameworks */ = {isa = PBXBuildFile; fileRef = 01F0A17318C9798A000691A1 /* Foundation.framework */; };
		01F0A17618C9798A000691A1 /* CoreGraphics.framework in Frameworks */ = {isa = PBXBuildFile; fileRef = 01F0A17518C9798A000691A1 /* CoreGraphics.framework */; };
		01F0A17818C9798A000691A1 /* UIKit.framework in Frameworks */ = {isa = PBXBuildFile; fileRef = 01F0A17718C9798A000691A1 /* UIKit.framework */; };
		01F0A17E18C9798A000691A1 /* InfoPlist.strings in Resources */ = {isa = PBXBuildFile; fileRef = 01F0A17C18C9798A000691A1 /* InfoPlist.strings */; };
		01F0A18018C9798A000691A1 /* main.m in Sources */ = {isa = PBXBuildFile; fileRef = 01F0A17F18C9798A000691A1 /* main.m */; };
		01F0A18418C9798A000691A1 /* AppDelegate.m in Sources */ = {isa = PBXBuildFile; fileRef = 01F0A18318C9798A000691A1 /* AppDelegate.m */; };
		01F0A18718C9798A000691A1 /* Main.storyboard in Resources */ = {isa = PBXBuildFile; fileRef = 01F0A18518C9798A000691A1 /* Main.storyboard */; };
		01F0A18C18C9798A000691A1 /* Images.xcassets in Resources */ = {isa = PBXBuildFile; fileRef = 01F0A18B18C9798A000691A1 /* Images.xcassets */; };
		01F0A19318C9798A000691A1 /* XCTest.framework in Frameworks */ = {isa = PBXBuildFile; fileRef = 01F0A19218C9798A000691A1 /* XCTest.framework */; };
		01F0A19418C9798A000691A1 /* Foundation.framework in Frameworks */ = {isa = PBXBuildFile; fileRef = 01F0A17318C9798A000691A1 /* Foundation.framework */; };
		01F0A19518C9798A000691A1 /* UIKit.framework in Frameworks */ = {isa = PBXBuildFile; fileRef = 01F0A17718C9798A000691A1 /* UIKit.framework */; };
		01F0A19D18C9798A000691A1 /* InfoPlist.strings in Resources */ = {isa = PBXBuildFile; fileRef = 01F0A19B18C9798A000691A1 /* InfoPlist.strings */; };
		01F0A19F18C9798A000691A1 /* MeowTests.m in Sources */ = {isa = PBXBuildFile; fileRef = 01F0A19E18C9798A000691A1 /* MeowTests.m */; };
		01F0A1A918C979D1000691A1 /* QuartzCore.framework in Frameworks */ = {isa = PBXBuildFile; fileRef = 01F0A1A818C979D1000691A1 /* QuartzCore.framework */; };
/* End PBXBuildFile section */

/* Begin PBXContainerItemProxy section */
		01F0A19618C9798A000691A1 /* PBXContainerItemProxy */ = {
			isa = PBXContainerItemProxy;
			containerPortal = 01F0A16818C9798A000691A1 /* Project object */;
			proxyType = 1;
			remoteGlobalIDString = 01F0A16F18C9798A000691A1;
			remoteInfo = Meow;
		};
/* End PBXContainerItemProxy section */

/* Begin PBXFileReference section */
		010DFF9918CF51190046A975 /* MainViewController.h */ = {isa = PBXFileReference; fileEncoding = 4; lastKnownFileType = sourcecode.c.h; path = MainViewController.h; sourceTree = "<group>"; };
		010DFF9A18CF51190046A975 /* MainViewController.m */ = {isa = PBXFileReference; fileEncoding = 4; lastKnownFileType = sourcecode.c.objc; path = MainViewController.m; sourceTree = "<group>"; };
		010DFF9C18CF552D0046A975 /* z01.jpg */ = {isa = PBXFileReference; lastKnownFileType = image.jpeg; path = z01.jpg; sourceTree = "<group>"; };
		010DFF9E18CF5CDC0046A975 /* MainTableViewCell.h */ = {isa = PBXFileReference; fileEncoding = 4; lastKnownFileType = sourcecode.c.h; path = MainTableViewCell.h; sourceTree = "<group>"; };
		010DFF9F18CF5CDC0046A975 /* MainTableViewCell.m */ = {isa = PBXFileReference; fileEncoding = 4; lastKnownFileType = sourcecode.c.objc; path = MainTableViewCell.m; sourceTree = "<group>"; };
		017BEFEC18D741C8007ECEB4 /* FilterViewController.h */ = {isa = PBXFileReference; fileEncoding = 4; lastKnownFileType = sourcecode.c.h; path = FilterViewController.h; sourceTree = "<group>"; };
		017BEFED18D741C8007ECEB4 /* FilterViewController.m */ = {isa = PBXFileReference; fileEncoding = 4; lastKnownFileType = sourcecode.c.objc; path = FilterViewController.m; sourceTree = "<group>"; };
		019F332518D487AD0011119A /* z02.jpg */ = {isa = PBXFileReference; lastKnownFileType = image.jpeg; path = z02.jpg; sourceTree = "<group>"; };
		019F332618D487AD0011119A /* z03.jpg */ = {isa = PBXFileReference; lastKnownFileType = image.jpeg; path = z03.jpg; sourceTree = "<group>"; };
		019F332918D48B410011119A /* z04.jpg */ = {isa = PBXFileReference; lastKnownFileType = image.jpeg; path = z04.jpg; sourceTree = "<group>"; };
		019F332A18D48B410011119A /* z05.jpg */ = {isa = PBXFileReference; lastKnownFileType = image.jpeg; path = z05.jpg; sourceTree = "<group>"; };
		01C7192518D0C4DD001C6B0A /* FavoriteViewController.h */ = {isa = PBXFileReference; fileEncoding = 4; lastKnownFileType = sourcecode.c.h; path = FavoriteViewController.h; sourceTree = "<group>"; };
		01C7192618D0C4DD001C6B0A /* FavoriteViewController.m */ = {isa = PBXFileReference; fileEncoding = 4; lastKnownFileType = sourcecode.c.objc; path = FavoriteViewController.m; sourceTree = "<group>"; };
		01C7192818D0C67A001C6B0A /* FavoriteCollectionViewCell.h */ = {isa = PBXFileReference; fileEncoding = 4; lastKnownFileType = sourcecode.c.h; path = FavoriteCollectionViewCell.h; sourceTree = "<group>"; };
		01C7192918D0C67A001C6B0A /* FavoriteCollectionViewCell.m */ = {isa = PBXFileReference; fileEncoding = 4; lastKnownFileType = sourcecode.c.objc; path = FavoriteCollectionViewCell.m; sourceTree = "<group>"; };
		01C7192E18D0CD4D001C6B0A /* MoreTableViewController.h */ = {isa = PBXFileReference; fileEncoding = 4; lastKnownFileType = sourcecode.c.h; path = MoreTableViewController.h; sourceTree = "<group>"; };
		01C7192F18D0CD4D001C6B0A /* MoreTableViewController.m */ = {isa = PBXFileReference; fileEncoding = 4; lastKnownFileType = sourcecode.c.objc; path = MoreTableViewController.m; sourceTree = "<group>"; };
		01EDC6EE18D41C7800A03C4A /* ContentViewController.h */ = {isa = PBXFileReference; fileEncoding = 4; lastKnownFileType = sourcecode.c.h; path = ContentViewController.h; sourceTree = "<group>"; };
		01EDC6EF18D41C7800A03C4A /* ContentViewController.m */ = {isa = PBXFileReference; fileEncoding = 4; lastKnownFileType = sourcecode.c.objc; path = ContentViewController.m; sourceTree = "<group>"; };
		01F0A17018C9798A000691A1 /* Meow.app */ = {isa = PBXFileReference; explicitFileType = wrapper.application; includeInIndex = 0; path = Meow.app; sourceTree = BUILT_PRODUCTS_DIR; };
		01F0A17318C9798A000691A1 /* Foundation.framework */ = {isa = PBXFileReference; lastKnownFileType = wrapper.framework; name = Foundation.framework; path = System/Library/Frameworks/Foundation.framework; sourceTree = SDKROOT; };
		01F0A17518C9798A000691A1 /* CoreGraphics.framework */ = {isa = PBXFileReference; lastKnownFileType = wrapper.framework; name = CoreGraphics.framework; path = System/Library/Frameworks/CoreGraphics.framework; sourceTree = SDKROOT; };
		01F0A17718C9798A000691A1 /* UIKit.framework */ = {isa = PBXFileReference; lastKnownFileType = wrapper.framework; name = UIKit.framework; path = System/Library/Frameworks/UIKit.framework; sourceTree = SDKROOT; };
		01F0A17B18C9798A000691A1 /* Meow-Info.plist */ = {isa = PBXFileReference; lastKnownFileType = text.plist.xml; path = "Meow-Info.plist"; sourceTree = "<group>"; };
		01F0A17D18C9798A000691A1 /* en */ = {isa = PBXFileReference; lastKnownFileType = text.plist.strings; name = en; path = en.lproj/InfoPlist.strings; sourceTree = "<group>"; };
		01F0A17F18C9798A000691A1 /* main.m */ = {isa = PBXFileReference; lastKnownFileType = sourcecode.c.objc; path = main.m; sourceTree = "<group>"; };
		01F0A18118C9798A000691A1 /* Meow-Prefix.pch */ = {isa = PBXFileReference; lastKnownFileType = sourcecode.c.h; path = "Meow-Prefix.pch"; sourceTree = "<group>"; };
		01F0A18218C9798A000691A1 /* AppDelegate.h */ = {isa = PBXFileReference; lastKnownFileType = sourcecode.c.h; path = AppDelegate.h; sourceTree = "<group>"; };
		01F0A18318C9798A000691A1 /* AppDelegate.m */ = {isa = PBXFileReference; lastKnownFileType = sourcecode.c.objc; path = AppDelegate.m; sourceTree = "<group>"; };
		01F0A18618C9798A000691A1 /* Base */ = {isa = PBXFileReference; lastKnownFileType = file.storyboard; name = Base; path = Base.lproj/Main.storyboard; sourceTree = "<group>"; };
		01F0A18B18C9798A000691A1 /* Images.xcassets */ = {isa = PBXFileReference; lastKnownFileType = folder.assetcatalog; path = Images.xcassets; sourceTree = "<group>"; };
		01F0A19118C9798A000691A1 /* MeowTests.xctest */ = {isa = PBXFileReference; explicitFileType = wrapper.cfbundle; includeInIndex = 0; path = MeowTests.xctest; sourceTree = BUILT_PRODUCTS_DIR; };
		01F0A19218C9798A000691A1 /* XCTest.framework */ = {isa = PBXFileReference; lastKnownFileType = wrapper.framework; name = XCTest.framework; path = Library/Frameworks/XCTest.framework; sourceTree = DEVELOPER_DIR; };
		01F0A19A18C9798A000691A1 /* MeowTests-Info.plist */ = {isa = PBXFileReference; lastKnownFileType = text.plist.xml; path = "MeowTests-Info.plist"; sourceTree = "<group>"; };
		01F0A19C18C9798A000691A1 /* en */ = {isa = PBXFileReference; lastKnownFileType = text.plist.strings; name = en; path = en.lproj/InfoPlist.strings; sourceTree = "<group>"; };
		01F0A19E18C9798A000691A1 /* MeowTests.m */ = {isa = PBXFileReference; lastKnownFileType = sourcecode.c.objc; path = MeowTests.m; sourceTree = "<group>"; };
		01F0A1A818C979D1000691A1 /* QuartzCore.framework */ = {isa = PBXFileReference; lastKnownFileType = wrapper.framework; name = QuartzCore.framework; path = System/Library/Frameworks/QuartzCore.framework; sourceTree = SDKROOT; };
/* End PBXFileReference section */

/* Begin PBXFrameworksBuildPhase section */
		01F0A16D18C9798A000691A1 /* Frameworks */ = {
			isa = PBXFrameworksBuildPhase;
			buildActionMask = 2147483647;
			files = (
				01F0A1A918C979D1000691A1 /* QuartzCore.framework in Frameworks */,
				01F0A17618C9798A000691A1 /* CoreGraphics.framework in Frameworks */,
				01F0A17818C9798A000691A1 /* UIKit.framework in Frameworks */,
				01F0A17418C9798A000691A1 /* Foundation.framework in Frameworks */,
			);
			runOnlyForDeploymentPostprocessing = 0;
		};
		01F0A18E18C9798A000691A1 /* Frameworks */ = {
			isa = PBXFrameworksBuildPhase;
			buildActionMask = 2147483647;
			files = (
				01F0A19318C9798A000691A1 /* XCTest.framework in Frameworks */,
				01F0A19518C9798A000691A1 /* UIKit.framework in Frameworks */,
				01F0A19418C9798A000691A1 /* Foundation.framework in Frameworks */,
			);
			runOnlyForDeploymentPostprocessing = 0;
		};
/* End PBXFrameworksBuildPhase section */

/* Begin PBXGroup section */
		01F0A16718C9798A000691A1 = {
			isa = PBXGroup;
			children = (
				01F0A17918C9798A000691A1 /* Meow */,
				01F0A19818C9798A000691A1 /* MeowTests */,
				01F0A17218C9798A000691A1 /* Frameworks */,
				01F0A17118C9798A000691A1 /* Products */,
			);
			sourceTree = "<group>";
		};
		01F0A17118C9798A000691A1 /* Products */ = {
			isa = PBXGroup;
			children = (
				01F0A17018C9798A000691A1 /* Meow.app */,
				01F0A19118C9798A000691A1 /* MeowTests.xctest */,
			);
			name = Products;
			sourceTree = "<group>";
		};
		01F0A17218C9798A000691A1 /* Frameworks */ = {
			isa = PBXGroup;
			children = (
				01F0A1A818C979D1000691A1 /* QuartzCore.framework */,
				01F0A17318C9798A000691A1 /* Foundation.framework */,
				01F0A17518C9798A000691A1 /* CoreGraphics.framework */,
				01F0A17718C9798A000691A1 /* UIKit.framework */,
				01F0A19218C9798A000691A1 /* XCTest.framework */,
			);
			name = Frameworks;
			sourceTree = "<group>";
		};
		01F0A17918C9798A000691A1 /* Meow */ = {
			isa = PBXGroup;
			children = (
				01F0A18218C9798A000691A1 /* AppDelegate.h */,
				01F0A18318C9798A000691A1 /* AppDelegate.m */,
				01EDC6EE18D41C7800A03C4A /* ContentViewController.h */,
				01EDC6EF18D41C7800A03C4A /* ContentViewController.m */,
				01C7192518D0C4DD001C6B0A /* FavoriteViewController.h */,
				01C7192618D0C4DD001C6B0A /* FavoriteViewController.m */,
				01C7192818D0C67A001C6B0A /* FavoriteCollectionViewCell.h */,
				01C7192918D0C67A001C6B0A /* FavoriteCollectionViewCell.m */,
				01F0A18B18C9798A000691A1 /* Images.xcassets */,
				01F0A18518C9798A000691A1 /* Main.storyboard */,
				017BEFEC18D741C8007ECEB4 /* FilterViewController.h */,
				017BEFED18D741C8007ECEB4 /* FilterViewController.m */,
				010DFF9918CF51190046A975 /* MainViewController.h */,
				010DFF9A18CF51190046A975 /* MainViewController.m */,
				010DFF9E18CF5CDC0046A975 /* MainTableViewCell.h */,
				010DFF9F18CF5CDC0046A975 /* MainTableViewCell.m */,
				01C7192E18D0CD4D001C6B0A /* MoreTableViewController.h */,
				01C7192F18D0CD4D001C6B0A /* MoreTableViewController.m */,
				01F0A1AA18C97B02000691A1 /* Resources */,
				01F0A17A18C9798A000691A1 /* Supporting Files */,
			);
			path = Meow;
			sourceTree = "<group>";
		};
		01F0A17A18C9798A000691A1 /* Supporting Files */ = {
			isa = PBXGroup;
			children = (
				01F0A17B18C9798A000691A1 /* Meow-Info.plist */,
				01F0A17C18C9798A000691A1 /* InfoPlist.strings */,
				01F0A17F18C9798A000691A1 /* main.m */,
				01F0A18118C9798A000691A1 /* Meow-Prefix.pch */,
			);
			name = "Supporting Files";
			sourceTree = "<group>";
		};
		01F0A19818C9798A000691A1 /* MeowTests */ = {
			isa = PBXGroup;
			children = (
				01F0A19E18C9798A000691A1 /* MeowTests.m */,
				01F0A19918C9798A000691A1 /* Supporting Files */,
			);
			path = MeowTests;
			sourceTree = "<group>";
		};
		01F0A19918C9798A000691A1 /* Supporting Files */ = {
			isa = PBXGroup;
			children = (
				01F0A19A18C9798A000691A1 /* MeowTests-Info.plist */,
				01F0A19B18C9798A000691A1 /* InfoPlist.strings */,
			);
			name = "Supporting Files";
			sourceTree = "<group>";
		};
		01F0A1AA18C97B02000691A1 /* Resources */ = {
			isa = PBXGroup;
			children = (
				019F332518D487AD0011119A /* z02.jpg */,
				019F332618D487AD0011119A /* z03.jpg */,
				019F332918D48B410011119A /* z04.jpg */,
				019F332A18D48B410011119A /* z05.jpg */,
				010DFF9C18CF552D0046A975 /* z01.jpg */,
			);
			path = Resources;
			sourceTree = "<group>";
		};
/* End PBXGroup section */

/* Begin PBXNativeTarget section */
		01F0A16F18C9798A000691A1 /* Meow */ = {
			isa = PBXNativeTarget;
			buildConfigurationList = 01F0A1A218C9798A000691A1 /* Build configuration list for PBXNativeTarget "Meow" */;
			buildPhases = (
				01F0A16C18C9798A000691A1 /* Sources */,
				01F0A16D18C9798A000691A1 /* Frameworks */,
				01F0A16E18C9798A000691A1 /* Resources */,
			);
			buildRules = (
			);
			dependencies = (
			);
			name = Meow;
			productName = Meow;
			productReference = 01F0A17018C9798A000691A1 /* Meow.app */;
			productType = "com.apple.product-type.application";
		};
		01F0A19018C9798A000691A1 /* MeowTests */ = {
			isa = PBXNativeTarget;
			buildConfigurationList = 01F0A1A518C9798A000691A1 /* Build configuration list for PBXNativeTarget "MeowTests" */;
			buildPhases = (
				01F0A18D18C9798A000691A1 /* Sources */,
				01F0A18E18C9798A000691A1 /* Frameworks */,
				01F0A18F18C9798A000691A1 /* Resources */,
			);
			buildRules = (
			);
			dependencies = (
				01F0A19718C9798A000691A1 /* PBXTargetDependency */,
			);
			name = MeowTests;
			productName = MeowTests;
			productReference = 01F0A19118C9798A000691A1 /* MeowTests.xctest */;
			productType = "com.apple.product-type.bundle.unit-test";
		};
/* End PBXNativeTarget section */

/* Begin PBXProject section */
		01F0A16818C9798A000691A1 /* Project object */ = {
			isa = PBXProject;
			attributes = {
				LastUpgradeCheck = 0510;
				ORGANIZATIONNAME = b;
				TargetAttributes = {
					01F0A19018C9798A000691A1 = {
						TestTargetID = 01F0A16F18C9798A000691A1;
					};
				};
			};
			buildConfigurationList = 01F0A16B18C9798A000691A1 /* Build configuration list for PBXProject "Meow" */;
			compatibilityVersion = "Xcode 3.2";
			developmentRegion = English;
			hasScannedForEncodings = 0;
			knownRegions = (
				en,
				Base,
			);
			mainGroup = 01F0A16718C9798A000691A1;
			productRefGroup = 01F0A17118C9798A000691A1 /* Products */;
			projectDirPath = "";
			projectRoot = "";
			targets = (
				01F0A16F18C9798A000691A1 /* Meow */,
				01F0A19018C9798A000691A1 /* MeowTests */,
			);
		};
/* End PBXProject section */

/* Begin PBXResourcesBuildPhase section */
		01F0A16E18C9798A000691A1 /* Resources */ = {
			isa = PBXResourcesBuildPhase;
			buildActionMask = 2147483647;
			files = (
				01F0A18C18C9798A000691A1 /* Images.xcassets in Resources */,
				010DFF9D18CF552D0046A975 /* z01.jpg in Resources */,
				019F332718D487AD0011119A /* z02.jpg in Resources */,
				019F332818D487AD0011119A /* z03.jpg in Resources */,
				01F0A17E18C9798A000691A1 /* InfoPlist.strings in Resources */,
				019F332C18D48B410011119A /* z05.jpg in Resources */,
				019F332B18D48B410011119A /* z04.jpg in Resources */,
				01F0A18718C9798A000691A1 /* Main.storyboard in Resources */,
			);
			runOnlyForDeploymentPostprocessing = 0;
		};
		01F0A18F18C9798A000691A1 /* Resources */ = {
			isa = PBXResourcesBuildPhase;
			buildActionMask = 2147483647;
			files = (
				01F0A19D18C9798A000691A1 /* InfoPlist.strings in Resources */,
			);
			runOnlyForDeploymentPostprocessing = 0;
		};
/* End PBXResourcesBuildPhase section */

/* Begin PBXSourcesBuildPhase section */
		01F0A16C18C9798A000691A1 /* Sources */ = {
			isa = PBXSourcesBuildPhase;
			buildActionMask = 2147483647;
			files = (
				01C7193018D0CD4D001C6B0A /* MoreTableViewController.m in Sources */,
				017BEFEE18D741C8007ECEB4 /* FilterViewController.m in Sources */,
				01C7192A18D0C67A001C6B0A /* FavoriteCollectionViewCell.m in Sources */,
				01C7192718D0C4DD001C6B0A /* FavoriteViewController.m in Sources */,
				01F0A18418C9798A000691A1 /* AppDelegate.m in Sources */,
				01EDC6F018D41C7800A03C4A /* ContentViewController.m in Sources */,
				010DFF9B18CF51190046A975 /* MainViewController.m in Sources */,
				010DFFA018CF5CDC0046A975 /* MainTableViewCell.m in Sources */,
				01F0A18018C9798A000691A1 /* main.m in Sources */,
			);
			runOnlyForDeploymentPostprocessing = 0;
		};
		01F0A18D18C9798A000691A1 /* Sources */ = {
			isa = PBXSourcesBuildPhase;
			buildActionMask = 2147483647;
			files = (
				01F0A19F18C9798A000691A1 /* MeowTests.m in Sources */,
			);
			runOnlyForDeploymentPostprocessing = 0;
		};
/* End PBXSourcesBuildPhase section */

/* Begin PBXTargetDependency section */
		01F0A19718C9798A000691A1 /* PBXTargetDependency */ = {
			isa = PBXTargetDependency;
			target = 01F0A16F18C9798A000691A1 /* Meow */;
			targetProxy = 01F0A19618C9798A000691A1 /* PBXContainerItemProxy */;
		};
/* End PBXTargetDependency section */

/* Begin PBXVariantGroup section */
		01F0A17C18C9798A000691A1 /* InfoPlist.strings */ = {
			isa = PBXVariantGroup;
			children = (
				01F0A17D18C9798A000691A1 /* en */,
			);
			name = InfoPlist.strings;
			sourceTree = "<group>";
		};
		01F0A18518C9798A000691A1 /* Main.storyboard */ = {
			isa = PBXVariantGroup;
			children = (
				01F0A18618C9798A000691A1 /* Base */,
			);
			name = Main.storyboard;
			sourceTree = "<group>";
		};
		01F0A19B18C9798A000691A1 /* InfoPlist.strings */ = {
			isa = PBXVariantGroup;
			children = (
				01F0A19C18C9798A000691A1 /* en */,
			);
			name = InfoPlist.strings;
			sourceTree = "<group>";
		};
/* End PBXVariantGroup section */

/* Begin XCBuildConfiguration section */
		01F0A1A018C9798A000691A1 /* Debug */ = {
			isa = XCBuildConfiguration;
			buildSettings = {
				ALWAYS_SEARCH_USER_PATHS = NO;
				CLANG_CXX_LANGUAGE_STANDARD = "gnu++0x";
				CLANG_CXX_LIBRARY = "libc++";
				CLANG_ENABLE_MODULES = YES;
				CLANG_ENABLE_OBJC_ARC = YES;
				CLANG_WARN_BOOL_CONVERSION = YES;
				CLANG_WARN_CONSTANT_CONVERSION = YES;
				CLANG_WARN_DIRECT_OBJC_ISA_USAGE = YES_ERROR;
				CLANG_WARN_EMPTY_BODY = YES;
				CLANG_WARN_ENUM_CONVERSION = YES;
				CLANG_WARN_INT_CONVERSION = YES;
				CLANG_WARN_OBJC_ROOT_CLASS = YES_ERROR;
				CLANG_WARN__DUPLICATE_METHOD_MATCH = YES;
				"CODE_SIGN_IDENTITY[sdk=iphoneos*]" = "iPhone Developer";
				COPY_PHASE_STRIP = NO;
				GCC_C_LANGUAGE_STANDARD = gnu99;
				GCC_DYNAMIC_NO_PIC = NO;
				GCC_OPTIMIZATION_LEVEL = 0;
				GCC_PREPROCESSOR_DEFINITIONS = (
					"DEBUG=1",
					"$(inherited)",
				);
				GCC_SYMBOLS_PRIVATE_EXTERN = NO;
				GCC_WARN_64_TO_32_BIT_CONVERSION = YES;
				GCC_WARN_ABOUT_RETURN_TYPE = YES_ERROR;
				GCC_WARN_UNDECLARED_SELECTOR = YES;
				GCC_WARN_UNINITIALIZED_AUTOS = YES;
				GCC_WARN_UNUSED_FUNCTION = YES;
				GCC_WARN_UNUSED_VARIABLE = YES;
				IPHONEOS_DEPLOYMENT_TARGET = 7.0;
				ONLY_ACTIVE_ARCH = YES;
				SDKROOT = iphoneos;
			};
			name = Debug;
		};
		01F0A1A118C9798A000691A1 /* Release */ = {
			isa = XCBuildConfiguration;
			buildSettings = {
				ALWAYS_SEARCH_USER_PATHS = NO;
				CLANG_CXX_LANGUAGE_STANDARD = "gnu++0x";
				CLANG_CXX_LIBRARY = "libc++";
				CLANG_ENABLE_MODULES = YES;
				CLANG_ENABLE_OBJC_ARC = YES;
				CLANG_WARN_BOOL_CONVERSION = YES;
				CLANG_WARN_CONSTANT_CONVERSION = YES;
				CLANG_WARN_DIRECT_OBJC_ISA_USAGE = YES_ERROR;
				CLANG_WARN_EMPTY_BODY = YES;
				CLANG_WARN_ENUM_CONVERSION = YES;
				CLANG_WARN_INT_CONVERSION = YES;
				CLANG_WARN_OBJC_ROOT_CLASS = YES_ERROR;
				CLANG_WARN__DUPLICATE_METHOD_MATCH = YES;
				"CODE_SIGN_IDENTITY[sdk=iphoneos*]" = "iPhone Developer";
				COPY_PHASE_STRIP = YES;
				ENABLE_NS_ASSERTIONS = NO;
				GCC_C_LANGUAGE_STANDARD = gnu99;
				GCC_WARN_64_TO_32_BIT_CONVERSION = YES;
				GCC_WARN_ABOUT_RETURN_TYPE = YES_ERROR;
				GCC_WARN_UNDECLARED_SELECTOR = YES;
				GCC_WARN_UNINITIALIZED_AUTOS = YES;
				GCC_WARN_UNUSED_FUNCTION = YES;
				GCC_WARN_UNUSED_VARIABLE = YES;
				IPHONEOS_DEPLOYMENT_TARGET = 7.0;
				SDKROOT = iphoneos;
				VALIDATE_PRODUCT = YES;
			};
			name = Release;
		};
		01F0A1A318C9798A000691A1 /* Debug */ = {
			isa = XCBuildConfiguration;
			buildSettings = {
				ASSETCATALOG_COMPILER_APPICON_NAME = AppIcon;
				ASSETCATALOG_COMPILER_LAUNCHIMAGE_NAME = LaunchImage;
				GCC_PRECOMPILE_PREFIX_HEADER = YES;
				GCC_PREFIX_HEADER = "Meow/Meow-Prefix.pch";
				INFOPLIST_FILE = "Meow/Meow-Info.plist";
				IPHONEOS_DEPLOYMENT_TARGET = 6.1;
				PRODUCT_NAME = "$(TARGET_NAME)";
				WRAPPER_EXTENSION = app;
			};
			name = Debug;
		};
		01F0A1A418C9798A000691A1 /* Release */ = {
			isa = XCBuildConfiguration;
			buildSettings = {
				ASSETCATALOG_COMPILER_APPICON_NAME = AppIcon;
				ASSETCATALOG_COMPILER_LAUNCHIMAGE_NAME = LaunchImage;
				GCC_PRECOMPILE_PREFIX_HEADER = YES;
				GCC_PREFIX_HEADER = "Meow/Meow-Prefix.pch";
				INFOPLIST_FILE = "Meow/Meow-Info.plist";
				IPHONEOS_DEPLOYMENT_TARGET = 6.1;
				PRODUCT_NAME = "$(TARGET_NAME)";
				WRAPPER_EXTENSION = app;
			};
			name = Release;
		};
		01F0A1A618C9798A000691A1 /* Debug */ = {
			isa = XCBuildConfiguration;
			buildSettings = {
				BUNDLE_LOADER = "$(BUILT_PRODUCTS_DIR)/Meow.app/Meow";
				FRAMEWORK_SEARCH_PATHS = (
					"$(SDKROOT)/Developer/Library/Frameworks",
					"$(inherited)",
					"$(DEVELOPER_FRAMEWORKS_DIR)",
				);
				GCC_PRECOMPILE_PREFIX_HEADER = YES;
				GCC_PREFIX_HEADER = "Meow/Meow-Prefix.pch";
				GCC_PREPROCESSOR_DEFINITIONS = (
					"DEBUG=1",
					"$(inherited)",
				);
				INFOPLIST_FILE = "MeowTests/MeowTests-Info.plist";
				PRODUCT_NAME = "$(TARGET_NAME)";
				TEST_HOST = "$(BUNDLE_LOADER)";
				WRAPPER_EXTENSION = xctest;
			};
			name = Debug;
		};
		01F0A1A718C9798A000691A1 /* Release */ = {
			isa = XCBuildConfiguration;
			buildSettings = {
				BUNDLE_LOADER = "$(BUILT_PRODUCTS_DIR)/Meow.app/Meow";
				FRAMEWORK_SEARCH_PATHS = (
					"$(SDKROOT)/Developer/Library/Frameworks",
					"$(inherited)",
					"$(DEVELOPER_FRAMEWORKS_DIR)",
				);
				GCC_PRECOMPILE_PREFIX_HEADER = YES;
				GCC_PREFIX_HEADER = "Meow/Meow-Prefix.pch";
				INFOPLIST_FILE = "MeowTests/MeowTests-Info.plist";
				PRODUCT_NAME = "$(TARGET_NAME)";
				TEST_HOST = "$(BUNDLE_LOADER)";
				WRAPPER_EXTENSION = xctest;
			};
			name = Release;
		};
/* End XCBuildConfiguration section */

/* Begin XCConfigurationList section */
		01F0A16B18C9798A000691A1 /* Build configuration list for PBXProject "Meow" */ = {
			isa = XCConfigurationList;
			buildConfigurations = (
				01F0A1A018C9798A000691A1 /* Debug */,
				01F0A1A118C9798A000691A1 /* Release */,
			);
			defaultConfigurationIsVisible = 0;
			defaultConfigurationName = Release;
		};
		01F0A1A218C9798A000691A1 /* Build configuration list for PBXNativeTarget "Meow" */ = {
			isa = XCConfigurationList;
			buildConfigurations = (
				01F0A1A318C9798A000691A1 /* Debug */,
				01F0A1A418C9798A000691A1 /* Release */,
			);
			defaultConfigurationIsVisible = 0;
			defaultConfigurationName = Release;
		};
		01F0A1A518C9798A000691A1 /* Build configuration list for PBXNativeTarget "MeowTests" */ = {
			isa = XCConfigurationList;
			buildConfigurations = (
				01F0A1A618C9798A000691A1 /* Debug */,
				01F0A1A718C9798A000691A1 /* Release */,
			);
			defaultConfigurationIsVisible = 0;
			defaultConfigurationName = Release;
		};
/* End XCConfigurationList section */
	};
	rootObject = 01F0A16818C9798A000691A1 /* Project object */;
}
